
Microsoft Visual Studio Solution File, Format Version 12.00
# Visual Studio Version 16
VisualStudioVersion = 16.0.28714.193
MinimumVisualStudioVersion = 10.0.40219.1
Project("{9092AA53-FB77-4645-B42D-1CCCA6BD08BD}") = "airinfinal", "airinfinal.njsproj", "{6CFC5C87-EB8D-4240-A783-2681BC8C54A8}"
EndProject
Global
	GlobalSection(SolutionConfigurationPlatforms) = preSolution
		Debug|Any CPU = Debug|Any CPU
		Release|Any CPU = Release|Any CPU
	EndGlobalSection
	GlobalSection(ProjectConfigurationPlatforms) = postSolution
		{6CFC5C87-EB8D-4240-A783-2681BC8C54A8}.Debug|Any CPU.ActiveCfg = Debug|Any CPU
		{6CFC5C87-EB8D-4240-A783-2681BC8C54A8}.Debug|Any CPU.Build.0 = Debug|Any CPU
		{6CFC5C87-EB8D-4240-A783-2681BC8C54A8}.Release|Any CPU.ActiveCfg = Release|Any CPU
		{6CFC5C87-EB8D-4240-A783-2681BC8C54A8}.Release|Any CPU.Build.0 = Release|Any CPU
	EndGlobalSection
	GlobalSection(SolutionProperties) = preSolution
		HideSolutionNode = FALSE
	EndGlobalSection
	GlobalSection(ExtensibilityGlobals) = postSolution
		SolutionGuid = {E41BB3AC-6FD2-4F69-B3BA-2F07A0416A1E}
	EndGlobalSection
EndGlobal
